
Microsoft Visual Studio Solution File, Format Version 12.00
# Visual Studio 15
VisualStudioVersion = 15.0.27703.1
MinimumVisualStudioVersion = 10.0.40219.1
Project("{FAE04EC0-301F-11D3-BF4B-00C04F79EFBC}") = "WebApplicationSample", "WebApplicationSample\WebApplicationSample.csproj", "{812D5266-5ED3-4C91-9606-732F04B3DA36}"
EndProject
Project("{9A19103F-16F7-4668-BE54-9A1E7A4F7556}") = "YellowCounter.FileProvider.Url", "..\..\src\YellowCounter.FileProvider.Url\YellowCounter.FileProvider.Url.csproj", "{4ACB3FFC-D08A-4EFF-91C3-57DD719D142B}"
EndProject
Global
	GlobalSection(SolutionConfigurationPlatforms) = preSolution
		Debug|Any CPU = Debug|Any CPU
		Release|Any CPU = Release|Any CPU
	EndGlobalSection
	GlobalSection(ProjectConfigurationPlatforms) = postSolution
		{812D5266-5ED3-4C91-9606-732F04B3DA36}.Debug|Any CPU.ActiveCfg = Debug|Any CPU
		{812D5266-5ED3-4C91-9606-732F04B3DA36}.Debug|Any CPU.Build.0 = Debug|Any CPU
		{812D5266-5ED3-4C91-9606-732F04B3DA36}.Release|Any CPU.ActiveCfg = Release|Any CPU
		{812D5266-5ED3-4C91-9606-732F04B3DA36}.Release|Any CPU.Build.0 = Release|Any CPU
		{4ACB3FFC-D08A-4EFF-91C3-57DD719D142B}.Debug|Any CPU.ActiveCfg = Debug|Any CPU
		{4ACB3FFC-D08A-4EFF-91C3-57DD719D142B}.Debug|Any CPU.Build.0 = Debug|Any CPU
		{4ACB3FFC-D08A-4EFF-91C3-57DD719D142B}.Release|Any CPU.ActiveCfg = Release|Any CPU
		{4ACB3FFC-D08A-4EFF-91C3-57DD719D142B}.Release|Any CPU.Build.0 = Release|Any CPU
	EndGlobalSection
	GlobalSection(SolutionProperties) = preSolution
		HideSolutionNode = FALSE
	EndGlobalSection
	GlobalSection(ExtensibilityGlobals) = postSolution
		SolutionGuid = {43B8F38C-20B7-4EB0-97DF-4DE38524DDE5}
	EndGlobalSection
EndGlobal
