
Microsoft Visual Studio Solution File, Format Version 12.00
# Visual Studio 15
VisualStudioVersion = 15.0.27703.1
MinimumVisualStudioVersion = 10.0.40219.1
Project("{9A19103F-16F7-4668-BE54-9A1E7A4F7556}") = "YellowCounter.FileProvider.Url", "src\YellowCounter.FileProvider.Url\YellowCounter.FileProvider.Url.csproj", "{2B21E97A-B881-4104-8766-DB6FECBD20D3}"
EndProject
Project("{9A19103F-16F7-4668-BE54-9A1E7A4F7556}") = "WebApplicationSample", "samples\WebApplicationSample\WebApplicationSample.csproj", "{8A476A1E-F8A5-4D70-A954-CE3E0B08AAA1}"
EndProject
Global
	GlobalSection(SolutionConfigurationPlatforms) = preSolution
		Debug|Any CPU = Debug|Any CPU
		Release|Any CPU = Release|Any CPU
	EndGlobalSection
	GlobalSection(ProjectConfigurationPlatforms) = postSolution
		{2B21E97A-B881-4104-8766-DB6FECBD20D3}.Debug|Any CPU.ActiveCfg = Debug|Any CPU
		{2B21E97A-B881-4104-8766-DB6FECBD20D3}.Debug|Any CPU.Build.0 = Debug|Any CPU
		{2B21E97A-B881-4104-8766-DB6FECBD20D3}.Release|Any CPU.ActiveCfg = Release|Any CPU
		{2B21E97A-B881-4104-8766-DB6FECBD20D3}.Release|Any CPU.Build.0 = Release|Any CPU
		{8A476A1E-F8A5-4D70-A954-CE3E0B08AAA1}.Debug|Any CPU.ActiveCfg = Debug|Any CPU
		{8A476A1E-F8A5-4D70-A954-CE3E0B08AAA1}.Debug|Any CPU.Build.0 = Debug|Any CPU
		{8A476A1E-F8A5-4D70-A954-CE3E0B08AAA1}.Release|Any CPU.ActiveCfg = Release|Any CPU
		{8A476A1E-F8A5-4D70-A954-CE3E0B08AAA1}.Release|Any CPU.Build.0 = Release|Any CPU
	EndGlobalSection
	GlobalSection(SolutionProperties) = preSolution
		HideSolutionNode = FALSE
	EndGlobalSection
	GlobalSection(ExtensibilityGlobals) = postSolution
		SolutionGuid = {401B8752-E3F2-4B18-A34A-EB828EBAAB1E}
	EndGlobalSection
EndGlobal
